# This file is autogenerated, do not edit; changes may be undone by the next 'dep ensure'.


[[projects]]
  digest = "1:ef98291cf6c2dd0f53949a1899e9a58d3159ad44d20f74b62467bd2a807b01ce"
  name = "github.com/VictoriaMetrics/fastcache"
  packages = ["."]
  pruneopts = "UT"
  revision = "4d94f266cd3cecbcd97eaebee9e3d6d8cf918643"
  version = "v1.4.6"

[[projects]]
  branch = "master"
  digest = "1:7d191fd0c54ff370eaf6116a14dafe2a328df487baea280699f597aae858d00d"
  name = "github.com/aristanetworks/goarista"
  packages = ["monotime"]
  pruneopts = "UT"
  revision = "873d404c7f4049e56829d74937303c5e20bd132b"

[[projects]]
  digest = "1:3c72c4b4159f7ef8e897c4ed14ca7d491ecaa53a3285d12debc923ff1f197963"
  name = "github.com/btcsuite/btcd"
  packages = ["btcec"]
  pruneopts = "UT"
  revision = "f3ec13030e4e828869954472cbc51ac36bee5c1d"
  version = "v0.20.1-beta"

[[projects]]
  digest = "1:61406f6571eeb97717bdfaac37fa0bc5260621c4cbf3ce7635e9828dcbb5258a"
  name = "github.com/cespare/xxhash"
  packages = ["."]
  pruneopts = "UT"
  revision = "d7df74196a9e781ede915320c11c378c1b2f3a1f"
  version = "v2.1.1"

[[projects]]
  digest = "1:ffe9824d294da03b391f44e1ae8281281b4afc1bdaa9588c9097785e3af10cec"
  name = "github.com/davecgh/go-spew"
  packages = ["spew"]
  pruneopts = "UT"
  revision = "8991bc29aa16c548c550c7ff78260e27b9ab7c73"
  version = "v1.1.1"

[[projects]]
  digest = "1:e47d51dab652d26c3fba6f8cba403f922d02757a82abdc77e90df7948daf296e"
  name = "github.com/deckarep/golang-set"
  packages = ["."]
  pruneopts = "UT"
  revision = "cbaa98ba5575e67703b32b4b19f73c91f3c4159e"
  version = "v1.7.1"

[[projects]]
  digest = "1:edb569dd02419a41ddd98768cc0e7aec922ef19dae139731e5ca750afcf6f4c5"
  name = "github.com/edsrzf/mmap-go"
  packages = ["."]
  pruneopts = "UT"
  revision = "188cc3b666ba704534fa4f96e9e61f21f1e1ba7c"
  version = "v1.0.0"

[[projects]]
  digest = "1:2b2daa41f40acd66f4aa0ae213bfd286096663c999a26deb773127b7864c6bd0"
  name = "github.com/elastic/gosigar"
  packages = [
    ".",
    "sys/windows",
  ]
  pruneopts = "UT"
  revision = "7aef3366157f2bfdf3e068f73ce7193573e88e0c"
  version = "v0.10.5"

[[projects]]
  digest = "1:20c3560f572856e649ad7202e9d3c304339b8c1ba2c112d4312785bd566ea471"
  name = "github.com/ethereum/go-ethereum"
  packages = [
    ".",
    "accounts",
    "accounts/abi",
    "accounts/abi/bind",
    "accounts/external",
    "accounts/keystore",
    "accounts/scwallet",
    "accounts/usbwallet",
    "accounts/usbwallet/trezor",
    "common",
    "common/bitutil",
    "common/hexutil",
    "common/math",
    "common/mclock",
    "common/prque",
    "consensus",
    "consensus/clique",
    "consensus/ethash",
    "consensus/misc",
    "core",
    "core/bloombits",
    "core/rawdb",
    "core/state",
    "core/types",
    "core/vm",
    "crypto",
    "crypto/blake2b",
    "crypto/bn256",
    "crypto/bn256/cloudflare",
    "crypto/bn256/google",
    "crypto/ecies",
    "crypto/secp256k1",
    "eth/downloader",
    "ethclient",
    "ethdb",
    "ethdb/leveldb",
    "ethdb/memorydb",
    "event",
    "internal/ethapi",
    "log",
    "metrics",
    "p2p",
    "p2p/discover",
    "p2p/discv5",
    "p2p/enode",
    "p2p/enr",
    "p2p/nat",
    "p2p/netutil",
    "params",
    "rlp",
    "rpc",
    "signer/core",
    "signer/storage",
    "trie",
  ]
  pruneopts = "T"
  revision = "d62e9b285777c036c108b89fac0c78f7855ba314"
  version = "v1.9.8"

[[projects]]
  digest = "1:abeb38ade3f32a92943e5be54f55ed6d6e3b6602761d74b4aab4c9dd45c18abd"
  name = "github.com/fsnotify/fsnotify"
  packages = ["."]
  pruneopts = "UT"
  revision = "c2828203cd70a50dcccfb2761f8b1f8ceef9a8e9"
  version = "v1.4.7"

[[projects]]
  branch = "master"
  digest = "1:fedce3f87da3944ec15789ff4d1d17e77554148626d079a9ffd2cae6112fdc8b"
  name = "github.com/gballet/go-libpcsclite"
  packages = ["."]
  pruneopts = "UT"
  revision = "4678299bea08415f0ca8bd71da9610625cc86e86"

[[projects]]
  branch = "master"
  digest = "1:78102ee4d536347316bc42e818340cc50902e45dbd7fdd524c5a1fc0cb07b588"
  name = "github.com/globalsign/mgo"
  packages = [
    ".",
    "bson",
    "internal/json",
    "internal/sasl",
    "internal/scram",
  ]
  pruneopts = "UT"
  revision = "eeefdecb41b842af6dc652aaea4026e8403e62df"

[[projects]]
  digest = "1:342e605326dbcb362c94e705d058d51f43b127558f64258114c411075546f5a9"
  name = "github.com/go-kit/kit"
  packages = [
    "log",
    "log/level",
    "log/term",
  ]
  pruneopts = "UT"
  revision = "150a65a7ec6156b4b640c1fd55f26fd3d475d656"
  version = "v0.9.0"

[[projects]]
  digest = "1:4062bc6de62d73e2be342243cf138cf499b34d558876db8d9430e2149388a4d8"
  name = "github.com/go-logfmt/logfmt"
  packages = ["."]
  pruneopts = "UT"
  revision = "07c9b44f60d7ffdfb7d8efe1ad539965737836dc"
  version = "v0.4.0"

[[projects]]
  digest = "1:586ea76dbd0374d6fb649a91d70d652b7fe0ccffb8910a77468e7702e7901f3d"
  name = "github.com/go-stack/stack"
  packages = ["."]
  pruneopts = "UT"
  revision = "2fee6af1a9795aafbe0253a0cfbdf668e1fb8a9a"
  version = "v1.8.0"

[[projects]]
  digest = "1:2fc13c72e191ca921adb98f9f4991b1a036d5431b4128fa21dbdd974b9b45822"
  name = "github.com/gogo/protobuf"
  packages = [
    "gogoproto",
    "jsonpb",
    "proto",
    "protoc-gen-gogo/descriptor",
    "sortkeys",
    "types",
  ]
  pruneopts = "UT"
  revision = "5628607bb4c51c3157aacc3a50f0ab707582b805"
  version = "v1.3.1"

[[projects]]
  digest = "1:500eb6e1e42991b51d2cc0c5bc9e47043f7eec8fe4a9b100b85abf49cfb910db"
  name = "github.com/golang/protobuf"
  packages = [
    "proto",
    "protoc-gen-go/descriptor",
  ]
  pruneopts = "UT"
  revision = "6c65a5562fc06764971b7c5d05c76c75e84bdbf7"
  version = "v1.3.2"

[[projects]]
  digest = "1:e4f5819333ac698d294fe04dbf640f84719658d5c7ce195b10060cc37292ce79"
  name = "github.com/golang/snappy"
  packages = ["."]
  pruneopts = "UT"
  revision = "2a8bb927dd31d8daada140a5d09578521ce5c36a"
  version = "v0.0.1"

[[projects]]
  digest = "1:582b704bebaa06b48c29b0cec224a6058a09c86883aaddabde889cd1a5f73e1b"
  name = "github.com/google/uuid"
  packages = ["."]
  pruneopts = "UT"
  revision = "0cd6bf5da1e1c83f8b45653022c74f71af0538a4"
  version = "v1.1.1"

[[projects]]
  digest = "1:cbec35fe4d5a4fba369a656a8cd65e244ea2c743007d8f6c1ccb132acf9d1296"
  name = "github.com/gorilla/mux"
  packages = ["."]
  pruneopts = "UT"
  revision = "00bdffe0f3c77e27d2cf6f5c70232a2d3e4d9c15"
  version = "v1.7.3"

[[projects]]
  digest = "1:e62657cca9badaa308d86e7716083e4c5933bb78e30a17743fc67f50be26f6f4"
  name = "github.com/gorilla/websocket"
  packages = ["."]
  pruneopts = "UT"
  revision = "c3e18be99d19e6b3e8f1559eea2c161a665c4b6b"
  version = "v1.4.1"

[[projects]]
  digest = "1:c77361e611524ec8f2ad37c408c3c916111a70b6acf806a1200855696bf8fa4d"
  name = "github.com/hashicorp/golang-lru"
  packages = [
    ".",
    "simplelru",
  ]
  pruneopts = "UT"
  revision = "7f827b33c0f158ec5dfbba01bb0b14a4541fd81d"
  version = "v0.5.3"

[[projects]]
  digest = "1:c0d19ab64b32ce9fe5cf4ddceba78d5bc9807f0016db6b1183599da3dcc24d10"
  name = "github.com/hashicorp/hcl"
  packages = [
    ".",
    "hcl/ast",
    "hcl/parser",
    "hcl/printer",
    "hcl/scanner",
    "hcl/strconv",
    "hcl/token",
    "json/parser",
    "json/scanner",
    "json/token",
  ]
  pruneopts = "UT"
  revision = "8cb6e5b959231cc1119e43259c4a608f9c51a241"
  version = "v1.0.0"

[[projects]]
  digest = "1:c00cc6d95a674b4b923ac069d364445043bc67836e9bd8aeff8440cfbe6a2cc7"
  name = "github.com/huin/goupnp"
  packages = [
    ".",
    "dcps/internetgateway1",
    "dcps/internetgateway2",
    "httpu",
    "scpd",
    "soap",
    "ssdp",
  ]
  pruneopts = "UT"
  revision = "656e61dfadd241c7cbdd22a023fa81ecb6860ea8"
  version = "v1.0.0"

[[projects]]
  digest = "1:870d441fe217b8e689d7949fef6e43efbc787e50f200cb1e70dbca9204a1d6be"
  name = "github.com/inconshreveable/mousetrap"
  packages = ["."]
  pruneopts = "UT"
  revision = "76626ae9c91c4f2a10f34cad8ce83ea42c93bb75"
  version = "v1.0"

[[projects]]
  digest = "1:71193da2829127d2cd7d2045175a65ef04d79176de5f1ebb185d331daa53b5c9"
  name = "github.com/jackpal/go-nat-pmp"
  packages = ["."]
  pruneopts = "UT"
  revision = "059203efa1edd7130293a583541b8308e7c640c4"
  version = "v1.0.2"

[[projects]]
  branch = "master"
  digest = "1:82222440009561384b936034bd1893f2fb2ce51f1288236c449d59a9e6c5dbcd"
  name = "github.com/karalabe/usb"
  packages = ["."]
  pruneopts = "UT"
  revision = "911d15fe12a9c411cf5d0dd5635231c759399bed"

[[projects]]
  branch = "master"
  digest = "1:a64e323dc06b73892e5bb5d040ced475c4645d456038333883f58934abbf6f72"
  name = "github.com/kr/logfmt"
  packages = ["."]
  pruneopts = "UT"
  revision = "b84e30acd515aadc4b783ad4ff83aff3299bdfe0"

[[projects]]
  digest = "1:5a0ef768465592efca0412f7e838cdc0826712f8447e70e6ccc52eb441e9ab13"
  name = "github.com/magiconair/properties"
  packages = ["."]
  pruneopts = "UT"
  revision = "de8848e004dd33dc07a2947b3d76f618a7fc7ef1"
  version = "v1.8.1"

[[projects]]
  digest = "1:8b9352f5af622f234923139000732eb2fb32574949fa84d60a21c70e5dd7d3e6"
  name = "github.com/mattn/go-runewidth"
  packages = ["."]
  pruneopts = "UT"
  revision = "f93a0d58d5fd95e53f82782d07bb0c79d23e1290"
  version = "v0.0.6"

[[projects]]
  digest = "1:5d231480e1c64a726869bc4142d270184c419749d34f167646baa21008eb0a79"
  name = "github.com/mitchellh/go-homedir"
  packages = ["."]
  pruneopts = "UT"
  revision = "af06845cf3004701891bf4fdb884bfe4920b3727"
  version = "v1.1.0"

[[projects]]
  digest = "1:53bc4cd4914cd7cd52139990d5170d6dc99067ae31c56530621b18b35fc30318"
  name = "github.com/mitchellh/mapstructure"
  packages = ["."]
  pruneopts = "UT"
  revision = "3536a929edddb9a5b34bd6861dc4a9647cb459fe"
  version = "v1.1.2"

[[projects]]
  digest = "1:94ac61005d8a6d448d3dfbfa6bcc1bffe4c36b26bd5e8ba714c21bb241c1c9b8"
  name = "github.com/olekukonko/tablewriter"
  packages = ["."]
  pruneopts = "UT"
  revision = "1ab4b831fd5f2aad691b6870d22fff83e43e6343"
  version = "v0.0.3"

[[projects]]
  digest = "1:e5d0bd87abc2781d14e274807a470acd180f0499f8bf5bb18606e9ec22ad9de9"
  name = "github.com/pborman/uuid"
  packages = ["."]
  pruneopts = "UT"
  revision = "adf5a7427709b9deb95d29d3fa8a2bf9cfd388f1"
  version = "v1.2"

[[projects]]
  digest = "1:6eea828983c70075ca297bb915ffbcfd3e34c5a50affd94428a65df955c0ff9c"
  name = "github.com/pelletier/go-toml"
  packages = ["."]
  pruneopts = "UT"
  revision = "903d9455db9ff1d7ac1ab199062eca7266dd11a3"
  version = "v1.6.0"

[[projects]]
  digest = "1:cf31692c14422fa27c83a05292eb5cbe0fb2775972e8f1f8446a71549bd8980b"
  name = "github.com/pkg/errors"
  packages = ["."]
  pruneopts = "UT"
  revision = "ba968bfe8b2f7e042a574c888954fccecfa385b4"
  version = "v0.8.1"

[[projects]]
  digest = "1:19a227084137c73d7a519ff90acc9fa69855c2ba134bb9c7dfe94e9ad2949c64"
  name = "github.com/prometheus/tsdb"
  packages = ["fileutil"]
  pruneopts = "UT"
  revision = "7762249358193da791ec62e72b080d908f96e776"
  version = "v0.10.0"

[[projects]]
  digest = "1:31d83d1b1c288073c91abadee3caec87de2a1fb5dbe589039264a802e67a26b8"
  name = "github.com/rjeczalik/notify"
  packages = ["."]
  pruneopts = "UT"
  revision = "69d839f37b13a8cb7a78366f7633a4071cb43be7"
  version = "v0.9.2"

[[projects]]
  digest = "1:c5dfe46811af7e2eff7c11fc84b6c841520338613c056f659f262d5a4fb42fa8"
  name = "github.com/rs/cors"
  packages = ["."]
  pruneopts = "UT"
  revision = "db0fe48135e83b5812a5a31be0eea66984b1b521"
  version = "v1.7.0"

[[projects]]
  digest = "1:bb495ec276ab82d3dd08504bbc0594a65de8c3b22c6f2aaa92d05b73fbf3a82e"
  name = "github.com/spf13/afero"
  packages = [
    ".",
    "mem",
  ]
  pruneopts = "UT"
  revision = "588a75ec4f32903aa5e39a2619ba6a4631e28424"
  version = "v1.2.2"

[[projects]]
  digest = "1:08d65904057412fc0270fc4812a1c90c594186819243160dc779a402d4b6d0bc"
  name = "github.com/spf13/cast"
  packages = ["."]
  pruneopts = "UT"
  revision = "8c9545af88b134710ab1cd196795e7f2388358d7"
  version = "v1.3.0"

[[projects]]
  digest = "1:8df08a5fb5241fcd71da41f08462e84a45ce4017a81958c15bde0c308689e9e4"
  name = "github.com/spf13/cobra"
  packages = [
    ".",
    "cobra",
    "cobra/cmd",
    "cobra/tpl",
  ]
  pruneopts = "UT"
  revision = "f2b07da1e2c38d5f12845a4f607e2e1018cbb1f5"
  version = "v0.0.5"

[[projects]]
  digest = "1:1b753ec16506f5864d26a28b43703c58831255059644351bbcb019b843950900"
  name = "github.com/spf13/jwalterweatherman"
  packages = ["."]
  pruneopts = "UT"
  revision = "94f6ae3ed3bceceafa716478c5fbf8d29ca601a1"
  version = "v1.1.0"

[[projects]]
  digest = "1:524b71991fc7d9246cc7dc2d9e0886ccb97648091c63e30eef619e6862c955dd"
  name = "github.com/spf13/pflag"
  packages = ["."]
  pruneopts = "UT"
  revision = "2e9d26c8c37aae03e3f9d4e90b7116f5accb7cab"
  version = "v1.0.5"

[[projects]]
  digest = "1:0b60fc944fb6a7b6c985832bd341bdb7ed8fe894fea330414e7774bb24652962"
  name = "github.com/spf13/viper"
  packages = ["."]
  pruneopts = "UT"
  revision = "72b022eb357a56469725dcd03918449e2278d02e"
  version = "v1.5.0"

[[projects]]
  branch = "develop"
  digest = "1:6deccaba5762377091f2e5b26dba70e630e01edb3f95d1a6a59d9b098bd4358f"
  name = "github.com/status-im/keycard-go"
  packages = ["derivationpath"]
  pruneopts = "UT"
  revision = "6dd40a46baa0d4c8b6fcb69f7e2362e21d89df4d"

[[projects]]
  digest = "1:266e2f508feb9a9a765bfeb74d116a88514248b2f8428788dcce574bd026b9c0"
  name = "github.com/steakknife/bloomfilter"
  packages = ["."]
  pruneopts = "UT"
  revision = "99ee86d9200fcc2ffde62f508329bd6627c0a307"
  version = "1.0.4"

[[projects]]
  digest = "1:5ca4bdccd72e66aaba5b52f9c4a21f1021102f0919432fe138ad5d48abf06833"
  name = "github.com/steakknife/hamming"
  packages = ["."]
  pruneopts = "UT"
  revision = "003c143a81c25ea5e263d692919c611c7122ae6b"
  version = "0.2.5"

[[projects]]
  digest = "1:f4b32291cad5efac2bfdba89ccde6aa04618b62ce06c1a571da2dc4f3f2677fb"
  name = "github.com/subosito/gotenv"
  packages = ["."]
  pruneopts = "UT"
  revision = "2ef7124db659d49edac6aa459693a15ae36c671a"
  version = "v1.2.0"

[[projects]]
  digest = "1:5b180f17d5bc50b765f4dcf0d126c72979531cbbd7f7929bf3edd87fb801ea2d"
  name = "github.com/syndtr/goleveldb"
  packages = [
    "leveldb",
    "leveldb/cache",
    "leveldb/comparer",
    "leveldb/errors",
    "leveldb/filter",
    "leveldb/iterator",
    "leveldb/journal",
    "leveldb/memdb",
    "leveldb/opt",
    "leveldb/storage",
    "leveldb/table",
    "leveldb/util",
  ]
  pruneopts = "UT"
  revision = "9d007e481048296f09f59bd19bb7ae584563cd95"
  version = "v1.0.0"

[[projects]]
  digest = "1:815bc173e72651aa903bac654584b15ef2e7101266447d7d179bcf8421564cea"
  name = "github.com/tendermint/tendermint"
  packages = [
    "libs/common",
    "libs/log",
  ]
  pruneopts = "UT"
  revision = "7b67ee408bb198574863f6acec6f3c791a4c0385"
  version = "v0.32.7"

[[projects]]
  digest = "1:91b40a2adb6b4ccd51b1dfb306edfa76139e1599b01666346085472b386f5447"
  name = "github.com/tyler-smith/go-bip39"
  packages = [
    ".",
    "wordlists",
  ]
  pruneopts = "UT"
  revision = "5e3853c3f4e1a44df487c7efeb064ee8b43755de"
  version = "1.0.2"

[[projects]]
  branch = "master"
  digest = "1:7dca0da64f5937af74f21618cdb812c8f16a7d042316dd5bf2f1dfd086be3fc6"
  name = "github.com/wsddn/go-ecdh"
  packages = ["."]
  pruneopts = "UT"
  revision = "48726bab92085232373de4ec5c51ce7b441c63a0"

[[projects]]
  branch = "master"
  digest = "1:fae6cd1d1199b5181e5b68c14bdd72d41f0c6a02d9b67c55741cdc3d1aae2d17"
  name = "golang.org/x/crypto"
  packages = [
    "curve25519",
    "pbkdf2",
    "ripemd160",
    "scrypt",
    "sha3",
    "ssh/terminal",
  ]
  pruneopts = "UT"
  revision = "b544559bb6d1b5c62fba4af5e843ff542174f079"

[[projects]]
  branch = "master"
  digest = "1:e18aa5dcd958515838eca1c07d25e298b8450022c6efd99d04d614b32f0318e3"
  name = "golang.org/x/net"
  packages = [
    "html",
    "html/atom",
    "html/charset",
  ]
  pruneopts = "UT"
  revision = "ef20fe5d793301b553005db740f730d87993f778"

[[projects]]
  branch = "master"
  digest = "1:73eaec097280ac58e7dcf99d8a03f1d9e64139870340f6c711804a090afa33f1"
  name = "golang.org/x/sys"
  packages = [
    "cpu",
    "unix",
    "windows",
  ]
  pruneopts = "UT"
  revision = "6d18c012aee9febd81bbf9806760c8c4480e870d"

[[projects]]
  digest = "1:7570a3e4daa14b7627089e77ad8c714f5f36b4cf1b7dfd8510df7d6935dc42a0"
  name = "golang.org/x/text"
  packages = [
    "encoding",
    "encoding/charmap",
    "encoding/htmlindex",
    "encoding/internal",
    "encoding/internal/identifier",
    "encoding/japanese",
    "encoding/korean",
    "encoding/simplifiedchinese",
    "encoding/traditionalchinese",
    "encoding/unicode",
    "internal/gen",
    "internal/language",
    "internal/language/compact",
    "internal/tag",
    "internal/triegen",
    "internal/ucd",
    "internal/utf8internal",
    "language",
    "runes",
    "transform",
    "unicode/cldr",
    "unicode/norm",
  ]
  pruneopts = "UT"
  revision = "342b2e1fbaa52c93f31447ad2c6abc048c63e475"
  version = "v0.3.2"

[[projects]]
  branch = "v2"
  digest = "1:2642fd0b6900c77247d61d80cf2eb59a374ef4ffc2d25a1b95b87dc355b2894e"
  name = "gopkg.in/mgo.v2"
  packages = [
    "bson",
    "internal/json",
  ]
  pruneopts = "UT"
  revision = "a6b53ec6cb22a3699387a57a161566f9402ee85b"

[[projects]]
  branch = "v2"
  digest = "1:3d3f9391ab615be8655ae0d686a1564f3fec413979bb1aaf018bac1ec1bb1cc7"
  name = "gopkg.in/natefinch/npipe.v2"
  packages = ["."]
  pruneopts = "UT"
  revision = "c1b8fa8bdccecb0b8db834ee0b92fdbcfa606dd6"

[[projects]]
  digest = "1:b75b3deb2bce8bc079e16bb2aecfe01eb80098f5650f9e93e5643ca8b7b73737"
  name = "gopkg.in/yaml.v2"
  packages = ["."]
  pruneopts = "UT"
  revision = "1f64d6156d11335c3f22d9330b0ad14fc1e789ce"
  version = "v2.2.7"

[solve-meta]
  analyzer-name = "dep"
  analyzer-version = 1
  input-imports = [
    "github.com/ethereum/go-ethereum",
    "github.com/ethereum/go-ethereum/accounts/abi",
    "github.com/ethereum/go-ethereum/accounts/abi/bind",
    "github.com/ethereum/go-ethereum/common",
    "github.com/ethereum/go-ethereum/core/types",
    "github.com/ethereum/go-ethereum/ethclient",
    "github.com/ethereum/go-ethereum/event",
    "github.com/ethereum/go-ethereum/rpc",
    "github.com/globalsign/mgo",
    "github.com/gorilla/mux",
    "github.com/spf13/cobra/cobra",
    "github.com/spf13/viper",
    "github.com/tendermint/tendermint/libs/common",
    "github.com/tendermint/tendermint/libs/log",
    "gopkg.in/mgo.v2/bson",
  ]
  solver-name = "gps-cdcl"
  solver-version = 1
